PODS:
  - IQKeyboardManagerSwift (6.5.6)
  - Realm (10.7.0):
    - Realm/Headers (= 10.7.0)
  - Realm/Headers (10.7.0)
  - RealmSwift (10.7.0):
    - Realm (= 10.7.0)
  - SwiftHEXColors (1.4.1)

DEPENDENCIES:
  - IQKeyboardManagerSwift
  - RealmSwift
  - SwiftHEXColors

SPEC REPOS:
  trunk:
    - IQKeyboardManagerSwift
    - Realm
    - RealmSwift
    - SwiftHEXColors

SPEC CHECKSUMS:
  IQKeyboardManagerSwift: c7df9d2deb356c04522f5c4b7b6e4ce4d8ed94fe
  Realm: a03c41a3afbda6c197ba4dfba5428b8b54cc2df4
  RealmSwift: 5e7abc842276d7fabd386e67afbf3efde54eb1c6
  SwiftHEXColors: 1cb6e5d55c52749aa33db8f088ac55eb71ca4c7f

PODFILE CHECKSUM: 46c4451172dc75f053f565913a46907a58fbd772

COCOAPODS: 1.10.0
